
Microsoft Visual Studio Solution File, Format Version 12.00
# Visual Studio Version 17
VisualStudioVersion = 17.8.34525.116
MinimumVisualStudioVersion = 10.0.40219.1
Project("{9A19103F-16F7-4668-BE54-9A1E7A4F7556}") = "ClienteVendaApi", "ClienteVendaApi.csproj", "{03E51FAC-8488-4930-B43D-E847D8CD8B55}"
EndProject
Project("{9A19103F-16F7-4668-BE54-9A1E7A4F7556}") = "Dominio", "..\Dominio\Dominio.csproj", "{DD2F29E2-0314-46BC-99A9-09608C938C7C}"
EndProject
Project("{9A19103F-16F7-4668-BE54-9A1E7A4F7556}") = "Service", "..\Service\Service.csproj", "{9EBDAB5C-E2BD-4E1D-9BB3-1C0ABD6EA56E}"
EndProject
Project("{9A19103F-16F7-4668-BE54-9A1E7A4F7556}") = "Repository", "..\Repository\Repository.csproj", "{A5D026EB-1CE8-4050-9DB6-65D12AB96565}"
EndProject
Global
	GlobalSection(SolutionConfigurationPlatforms) = preSolution
		Debug|Any CPU = Debug|Any CPU
		Release|Any CPU = Release|Any CPU
	EndGlobalSection
	GlobalSection(ProjectConfigurationPlatforms) = postSolution
		{03E51FAC-8488-4930-B43D-E847D8CD8B55}.Debug|Any CPU.ActiveCfg = Debug|Any CPU
		{03E51FAC-8488-4930-B43D-E847D8CD8B55}.Debug|Any CPU.Build.0 = Debug|Any CPU
		{03E51FAC-8488-4930-B43D-E847D8CD8B55}.Release|Any CPU.ActiveCfg = Release|Any CPU
		{03E51FAC-8488-4930-B43D-E847D8CD8B55}.Release|Any CPU.Build.0 = Release|Any CPU
		{DD2F29E2-0314-46BC-99A9-09608C938C7C}.Debug|Any CPU.ActiveCfg = Debug|Any CPU
		{DD2F29E2-0314-46BC-99A9-09608C938C7C}.Debug|Any CPU.Build.0 = Debug|Any CPU
		{DD2F29E2-0314-46BC-99A9-09608C938C7C}.Release|Any CPU.ActiveCfg = Release|Any CPU
		{DD2F29E2-0314-46BC-99A9-09608C938C7C}.Release|Any CPU.Build.0 = Release|Any CPU
		{9EBDAB5C-E2BD-4E1D-9BB3-1C0ABD6EA56E}.Debug|Any CPU.ActiveCfg = Debug|Any CPU
		{9EBDAB5C-E2BD-4E1D-9BB3-1C0ABD6EA56E}.Debug|Any CPU.Build.0 = Debug|Any CPU
		{9EBDAB5C-E2BD-4E1D-9BB3-1C0ABD6EA56E}.Release|Any CPU.ActiveCfg = Release|Any CPU
		{9EBDAB5C-E2BD-4E1D-9BB3-1C0ABD6EA56E}.Release|Any CPU.Build.0 = Release|Any CPU
		{A5D026EB-1CE8-4050-9DB6-65D12AB96565}.Debug|Any CPU.ActiveCfg = Debug|Any CPU
		{A5D026EB-1CE8-4050-9DB6-65D12AB96565}.Debug|Any CPU.Build.0 = Debug|Any CPU
		{A5D026EB-1CE8-4050-9DB6-65D12AB96565}.Release|Any CPU.ActiveCfg = Release|Any CPU
		{A5D026EB-1CE8-4050-9DB6-65D12AB96565}.Release|Any CPU.Build.0 = Release|Any CPU
	EndGlobalSection
	GlobalSection(SolutionProperties) = preSolution
		HideSolutionNode = FALSE
	EndGlobalSection
	GlobalSection(ExtensibilityGlobals) = postSolution
		SolutionGuid = {B4125B78-E599-4594-B6CC-B20669EFF4B3}
	EndGlobalSection
EndGlobal
